
Microsoft Visual Studio Solution File, Format Version 12.00
# Visual Studio Version 17
VisualStudioVersion = 17.7.34221.43
MinimumVisualStudioVersion = 10.0.40219.1
Project("{FAE04EC0-301F-11D3-BF4B-00C04F79EFBC}") = "Assignment13", "Assignment13\Assignment13.csproj", "{01505CF5-6FDB-45D3-A81B-03830BF71BE3}"
EndProject
Global
	GlobalSection(SolutionConfigurationPlatforms) = preSolution
		Debug|Any CPU = Debug|Any CPU
		Release|Any CPU = Release|Any CPU
	EndGlobalSection
	GlobalSection(ProjectConfigurationPlatforms) = postSolution
		{01505CF5-6FDB-45D3-A81B-03830BF71BE3}.Debug|Any CPU.ActiveCfg = Debug|Any CPU
		{01505CF5-6FDB-45D3-A81B-03830BF71BE3}.Debug|Any CPU.Build.0 = Debug|Any CPU
		{01505CF5-6FDB-45D3-A81B-03830BF71BE3}.Release|Any CPU.ActiveCfg = Release|Any CPU
		{01505CF5-6FDB-45D3-A81B-03830BF71BE3}.Release|Any CPU.Build.0 = Release|Any CPU
	EndGlobalSection
	GlobalSection(SolutionProperties) = preSolution
		HideSolutionNode = FALSE
	EndGlobalSection
	GlobalSection(ExtensibilityGlobals) = postSolution
		SolutionGuid = {81157374-A477-4001-A10C-CF45C7BB920A}
	EndGlobalSection
EndGlobal
